
Microsoft Visual Studio Solution File, Format Version 12.00
# Visual Studio 15
VisualStudioVersion = 15.0.26730.16
MinimumVisualStudioVersion = 10.0.40219.1
Project("{9A19103F-16F7-4668-BE54-9A1E7A4F7556}") = "LakeLabRemote", "LakeLabRemote\LakeLabRemote.csproj", "{D884E7DD-3D86-4DAF-86BF-C08C9391A47A}"
EndProject
Project("{9A19103F-16F7-4668-BE54-9A1E7A4F7556}") = "LakeLabPiApp", "LakeLabPiApp\LakeLabPiApp.csproj", "{10A8895C-5906-45F8-9D19-81BA2B274689}"
EndProject
Project("{9A19103F-16F7-4668-BE54-9A1E7A4F7556}") = "LakeLabLib", "LakeLabModelsLib\LakeLabLib.csproj", "{AF02ADD0-41EC-4272-81F2-0654E33E1B54}"
EndProject
Project("{E53339B2-1760-4266-BCC7-CA923CBCF16C}") = "docker-compose", "docker-compose.dcproj", "{033C3357-59A8-4292-936F-5D3AB673EAC9}"
EndProject
Global
	GlobalSection(SolutionConfigurationPlatforms) = preSolution
		Debug|Any CPU = Debug|Any CPU
		Release|Any CPU = Release|Any CPU
	EndGlobalSection
	GlobalSection(ProjectConfigurationPlatforms) = postSolution
		{D884E7DD-3D86-4DAF-86BF-C08C9391A47A}.Debug|Any CPU.ActiveCfg = Debug|Any CPU
		{D884E7DD-3D86-4DAF-86BF-C08C9391A47A}.Debug|Any CPU.Build.0 = Debug|Any CPU
		{D884E7DD-3D86-4DAF-86BF-C08C9391A47A}.Release|Any CPU.ActiveCfg = Release|Any CPU
		{D884E7DD-3D86-4DAF-86BF-C08C9391A47A}.Release|Any CPU.Build.0 = Release|Any CPU
		{10A8895C-5906-45F8-9D19-81BA2B274689}.Debug|Any CPU.ActiveCfg = Debug|Any CPU
		{10A8895C-5906-45F8-9D19-81BA2B274689}.Debug|Any CPU.Build.0 = Debug|Any CPU
		{10A8895C-5906-45F8-9D19-81BA2B274689}.Release|Any CPU.ActiveCfg = Release|Any CPU
		{10A8895C-5906-45F8-9D19-81BA2B274689}.Release|Any CPU.Build.0 = Release|Any CPU
		{AF02ADD0-41EC-4272-81F2-0654E33E1B54}.Debug|Any CPU.ActiveCfg = Debug|Any CPU
		{AF02ADD0-41EC-4272-81F2-0654E33E1B54}.Debug|Any CPU.Build.0 = Debug|Any CPU
		{AF02ADD0-41EC-4272-81F2-0654E33E1B54}.Release|Any CPU.ActiveCfg = Release|Any CPU
		{AF02ADD0-41EC-4272-81F2-0654E33E1B54}.Release|Any CPU.Build.0 = Release|Any CPU
		{033C3357-59A8-4292-936F-5D3AB673EAC9}.Debug|Any CPU.ActiveCfg = Debug|Any CPU
		{033C3357-59A8-4292-936F-5D3AB673EAC9}.Debug|Any CPU.Build.0 = Debug|Any CPU
		{033C3357-59A8-4292-936F-5D3AB673EAC9}.Release|Any CPU.ActiveCfg = Release|Any CPU
		{033C3357-59A8-4292-936F-5D3AB673EAC9}.Release|Any CPU.Build.0 = Release|Any CPU
	EndGlobalSection
	GlobalSection(SolutionProperties) = preSolution
		HideSolutionNode = FALSE
	EndGlobalSection
	GlobalSection(ExtensibilityGlobals) = postSolution
		SolutionGuid = {FFB5E4AF-B870-4C48-ABD0-4BD93ED3DC04}
	EndGlobalSection
EndGlobal
